<?xml version="1.0" encoding="UTF-8" standalone="yes" ?>
<CodeBlocks_project_file>
	<FileVersion major="1" minor="6" />
	<Project>
		<Option title="Shooter" />
		<Option pch_mode="2" />
		<Option compiler="gcc" />
		<Build>
			<Target title="Debug">
				<Option output="bin/Debug/SdlRunner" prefix_auto="1" extension_auto="1" />
				<Option object_output="obj/Debug/" />
				<Option type="1" />
				<Option compiler="gcc" />
				<Compiler>
					<Add option="-g" />
				</Compiler>
			</Target>
			<Target title="Release">
				<Option output="bin/Release/SdlRunner" prefix_auto="1" extension_auto="1" />
				<Option object_output="obj/Release/" />
				<Option type="1" />
				<Option compiler="gcc" />
				<Compiler>
					<Add option="-O2" />
				</Compiler>
				<Linker>
					<Add option="-s" />
				</Linker>
			</Target>
		</Build>
		<Compiler>
			<Add option="-Wall" />
			<Add option="-fexceptions" />
		</Compiler>
		<Unit filename="Background.cpp" />
		<Unit filename="Background.h" />
		<Unit filename="Bala.cpp" />
		<Unit filename="Bala.h" />
		<Unit filename="Enemy.cpp" />
		<Unit filename="Enemy.h" />
		<Unit filename="Enemy1.cpp" />
		<Unit filename="Enemy1.h" />
		<Unit filename="Enemy2.cpp" />
		<Unit filename="Enemy2.h" />
		<Unit filename="Enemy3.cpp" />
		<Unit filename="Enemy3.h" />
		<Unit filename="Enemy4.cpp" />
		<Unit filename="Enemy4.h" />
		<Unit filename="Enemy5.cpp" />
		<Unit filename="Enemy5.h" />
		<Unit filename="Enemy6.cpp" />
		<Unit filename="Enemy6.h" />
		<Unit filename="Enemy7.cpp" />
		<Unit filename="Enemy7.h" />
		<Unit filename="Player.cpp" />
		<Unit filename="Player.h" />
		<Unit filename="Timer.cpp" />
		<Unit filename="Timer.h" />
		<Unit filename="main.cpp" />
		<Extensions>
			<code_completion />
			<debugger />
			<envvars />
		</Extensions>
	</Project>
</CodeBlocks_project_file>
